{
  "meteor": {
    "git": "https://github.com/meteor/meteor.git",
    "branch": "master",
    "commit": "4d98d8cb4e5a95e9e98953f44c872c9332a042a3"
  },
  "dependencies": {
    "basePackages": {
      "router": {
        "git": "https://github.com/tmeasday/meteor-router.git",
        "branch": "ie-support"
      },
      "moment": {},
      "profiler": {
        "git": "https://github.com/tmeasday/meteor-profiler.git",
        "branch": "master"
      }
    },
    "packages": {
      "router": {
        "git": "https://github.com/tmeasday/meteor-router.git",
        "branch": "ie-support",
        "commit": "aeadbafea4746c53cd2e9a8ab242f528e6ad0d0d"
      },
      "moment": {
        "git": "https://github.com/possibilities/meteor-moment.git",
        "tag": "v1.7.0",
        "commit": "c64b6ec0e714b9556f4b6643d430b868ba69d3d7"
      },
      "profiler": {
        "git": "https://github.com/tmeasday/meteor-profiler.git",
        "branch": "master",
        "commit": "25a14a4e94a4748745738031baab1400860eede7"
      },
      "page-js": {
        "git": "https://github.com/tmeasday/meteor-page-js-ie-support.git",
        "branch": "master",
        "commit": "10946edeefb8b40c351bd5ce6c3a18665a05c623"
      },
      "node-modules": {
        "git": "https://github.com/possibilities/meteor-node-modules.git",
        "tag": "v0.0.5",
        "commit": "d502e5091759073a6baed856fadd93012749842d"
      },
      "HTML5-History-API": {
        "git": "https://github.com/tmeasday/meteor-HTML5-History-API.git",
        "branch": "master",
        "commit": "0d250d8f8852ba2042f1b8ed39693e9cc89b8f58"
      }
    }
  }
}
